
Microsoft Visual Studio Solution File, Format Version 12.00
# Visual Studio Version 16
VisualStudioVersion = 16.0.31112.23
MinimumVisualStudioVersion = 10.0.40219.1
Project("{9A19103F-16F7-4668-BE54-9A1E7A4F7556}") = "StarkCrypto.WR", "StarkCrypto.WR.csproj", "{134BA1ED-0DD6-46DE-BE7A-598AAB7C255B}"
EndProject
Project("{9A19103F-16F7-4668-BE54-9A1E7A4F7556}") = "StarkCrypto.BackEnd", "..\StarkCrypto_Backend\StarkCrypto.BackEnd.csproj", "{94D46121-5766-499A-A33A-6CC0BBE49BD8}"
EndProject
Project("{9A19103F-16F7-4668-BE54-9A1E7A4F7556}") = "StarkCrypto.Entities", "..\StarkCrypto.Entities\StarkCrypto.Entities.csproj", "{31693974-1A1F-4248-9503-BF863B585F0B}"
EndProject
Project("{FAE04EC0-301F-11D3-BF4B-00C04F79EFBC}") = "StarkCrypto.Data", "..\StarkCrypto.Data\StarkCrypto.Data.csproj", "{10008204-5097-44AE-BDC2-28AF4CAE947A}"
EndProject
Global
	GlobalSection(SolutionConfigurationPlatforms) = preSolution
		Debug|Any CPU = Debug|Any CPU
		Release|Any CPU = Release|Any CPU
	EndGlobalSection
	GlobalSection(ProjectConfigurationPlatforms) = postSolution
		{134BA1ED-0DD6-46DE-BE7A-598AAB7C255B}.Debug|Any CPU.ActiveCfg = Debug|Any CPU
		{134BA1ED-0DD6-46DE-BE7A-598AAB7C255B}.Debug|Any CPU.Build.0 = Debug|Any CPU
		{134BA1ED-0DD6-46DE-BE7A-598AAB7C255B}.Release|Any CPU.ActiveCfg = Release|Any CPU
		{134BA1ED-0DD6-46DE-BE7A-598AAB7C255B}.Release|Any CPU.Build.0 = Release|Any CPU
		{94D46121-5766-499A-A33A-6CC0BBE49BD8}.Debug|Any CPU.ActiveCfg = Debug|Any CPU
		{94D46121-5766-499A-A33A-6CC0BBE49BD8}.Debug|Any CPU.Build.0 = Debug|Any CPU
		{94D46121-5766-499A-A33A-6CC0BBE49BD8}.Release|Any CPU.ActiveCfg = Release|Any CPU
		{94D46121-5766-499A-A33A-6CC0BBE49BD8}.Release|Any CPU.Build.0 = Release|Any CPU
		{31693974-1A1F-4248-9503-BF863B585F0B}.Debug|Any CPU.ActiveCfg = Debug|Any CPU
		{31693974-1A1F-4248-9503-BF863B585F0B}.Debug|Any CPU.Build.0 = Debug|Any CPU
		{31693974-1A1F-4248-9503-BF863B585F0B}.Release|Any CPU.ActiveCfg = Release|Any CPU
		{31693974-1A1F-4248-9503-BF863B585F0B}.Release|Any CPU.Build.0 = Release|Any CPU
		{10008204-5097-44AE-BDC2-28AF4CAE947A}.Debug|Any CPU.ActiveCfg = Debug|Any CPU
		{10008204-5097-44AE-BDC2-28AF4CAE947A}.Debug|Any CPU.Build.0 = Debug|Any CPU
		{10008204-5097-44AE-BDC2-28AF4CAE947A}.Release|Any CPU.ActiveCfg = Release|Any CPU
		{10008204-5097-44AE-BDC2-28AF4CAE947A}.Release|Any CPU.Build.0 = Release|Any CPU
	EndGlobalSection
	GlobalSection(SolutionProperties) = preSolution
		HideSolutionNode = FALSE
	EndGlobalSection
	GlobalSection(ExtensibilityGlobals) = postSolution
		SolutionGuid = {7FFAE328-8824-4926-8A21-0ECD39451F8A}
	EndGlobalSection
EndGlobal
